
Microsoft Visual Studio Solution File, Format Version 12.00
# Visual Studio 15
VisualStudioVersion = 15.0.27130.2027
MinimumVisualStudioVersion = 10.0.40219.1
Project("{8BC9CEB8-8B4A-11D0-8D11-00A0C91BC942}") = "Caesar", "Caesar\Caesar.vcxproj", "{DEBD4E9F-30D6-4A51-AA34-159D1E438AF8}"
EndProject
Global
	GlobalSection(SolutionConfigurationPlatforms) = preSolution
		Debug|x64 = Debug|x64
		Debug|x86 = Debug|x86
		Release|x64 = Release|x64
		Release|x86 = Release|x86
	EndGlobalSection
	GlobalSection(ProjectConfigurationPlatforms) = postSolution
		{DEBD4E9F-30D6-4A51-AA34-159D1E438AF8}.Debug|x64.ActiveCfg = Debug|x64
		{DEBD4E9F-30D6-4A51-AA34-159D1E438AF8}.Debug|x64.Build.0 = Debug|x64
		{DEBD4E9F-30D6-4A51-AA34-159D1E438AF8}.Debug|x86.ActiveCfg = Debug|Win32
		{DEBD4E9F-30D6-4A51-AA34-159D1E438AF8}.Debug|x86.Build.0 = Debug|Win32
		{DEBD4E9F-30D6-4A51-AA34-159D1E438AF8}.Release|x64.ActiveCfg = Release|x64
		{DEBD4E9F-30D6-4A51-AA34-159D1E438AF8}.Release|x64.Build.0 = Release|x64
		{DEBD4E9F-30D6-4A51-AA34-159D1E438AF8}.Release|x86.ActiveCfg = Release|Win32
		{DEBD4E9F-30D6-4A51-AA34-159D1E438AF8}.Release|x86.Build.0 = Release|Win32
	EndGlobalSection
	GlobalSection(SolutionProperties) = preSolution
		HideSolutionNode = FALSE
	EndGlobalSection
	GlobalSection(ExtensibilityGlobals) = postSolution
		SolutionGuid = {56979863-8887-4170-8E1A-97756265140E}
	EndGlobalSection
EndGlobal
